// !$*UTF8*$!
{
	archiveVersion = 1;
	classes = {
	};
	objectVersion = 46;
	objects = {

/* Begin PBXBuildFile section */
		CDBC34D71DD7A84D0003EA2E /* AppDelegate.swift in Sources */ = {isa = PBXBuildFile; fileRef = CDBC34D61DD7A84D0003EA2E /* AppDelegate.swift */; };
		CDBC34D91DD7A84D0003EA2E /* ViewController.swift in Sources */ = {isa = PBXBuildFile; fileRef = CDBC34D81DD7A84D0003EA2E /* ViewController.swift */; };
		CDBC34DC1DD7A84D0003EA2E /* Main.storyboard in Resources */ = {isa = PBXBuildFile; fileRef = CDBC34DA1DD7A84D0003EA2E /* Main.storyboard */; };
		CDBC34DE1DD7A84D0003EA2E /* Assets.xcassets in Resources */ = {isa = PBXBuildFile; fileRef = CDBC34DD1DD7A84D0003EA2E /* Assets.xcassets */; };
		CDBC34E11DD7A84D0003EA2E /* LaunchScreen.storyboard in Resources */ = {isa = PBXBuildFile; fileRef = CDBC34DF1DD7A84D0003EA2E /* LaunchScreen.storyboard */; };
		CDBC34EC1DD7A84D0003EA2E /* EmoteTests.swift in Sources */ = {isa = PBXBuildFile; fileRef = CDBC34EB1DD7A84D0003EA2E /* EmoteTests.swift */; };
/* End PBXBuildFile section */

/* Begin PBXContainerItemProxy section */
		CDBC34E81DD7A84D0003EA2E /* PBXContainerItemProxy */ = {
			isa = PBXContainerItemProxy;
			containerPortal = CDBC34CB1DD7A84D0003EA2E /* Project object */;
			proxyType = 1;
			remoteGlobalIDString = CDBC34D21DD7A84D0003EA2E;
			remoteInfo = Emote;
		};
/* End PBXContainerItemProxy section */

/* Begin PBXFileReference section */
		CDBC34D31DD7A84D0003EA2E /* Emote.app */ = {isa = PBXFileReference; explicitFileType = wrapper.application; includeInIndex = 0; path = Emote.app; sourceTree = BUILT_PRODUCTS_DIR; };
		CDBC34D61DD7A84D0003EA2E /* AppDelegate.swift */ = {isa = PBXFileReference; lastKnownFileType = sourcecode.swift; path = AppDelegate.swift; sourceTree = "<group>"; };
		CDBC34D81DD7A84D0003EA2E /* ViewController.swift */ = {isa = PBXFileReference; lastKnownFileType = sourcecode.swift; path = ViewController.swift; sourceTree = "<group>"; };
		CDBC34DB1DD7A84D0003EA2E /* Base */ = {isa = PBXFileReference; lastKnownFileType = file.storyboard; name = Base; path = Base.lproj/Main.storyboard; sourceTree = "<group>"; };
		CDBC34DD1DD7A84D0003EA2E /* Assets.xcassets */ = {isa = PBXFileReference; lastKnownFileType = folder.assetcatalog; path = Assets.xcassets; sourceTree = "<group>"; };
		CDBC34E01DD7A84D0003EA2E /* Base */ = {isa = PBXFileReference; lastKnownFileType = file.storyboard; name = Base; path = Base.lproj/LaunchScreen.storyboard; sourceTree = "<group>"; };
		CDBC34E21DD7A84D0003EA2E /* Info.plist */ = {isa = PBXFileReference; lastKnownFileType = text.plist.xml; path = Info.plist; sourceTree = "<group>"; };
		CDBC34E71DD7A84D0003EA2E /* EmoteTests.xctest */ = {isa = PBXFileReference; explicitFileType = wrapper.cfbundle; includeInIndex = 0; path = EmoteTests.xctest; sourceTree = BUILT_PRODUCTS_DIR; };
		CDBC34EB1DD7A84D0003EA2E /* EmoteTests.swift */ = {isa = PBXFileReference; lastKnownFileType = sourcecode.swift; path = EmoteTests.swift; sourceTree = "<group>"; };
		CDBC34ED1DD7A84D0003EA2E /* Info.plist */ = {isa = PBXFileReference; lastKnownFileType = text.plist.xml; path = Info.plist; sourceTree = "<group>"; };
/* End PBXFileReference section */

/* Begin PBXFrameworksBuildPhase section */
		CDBC34D01DD7A84D0003EA2E /* Frameworks */ = {
			isa = PBXFrameworksBuildPhase;
			buildActionMask = 2147483647;
			files = (
			);
			runOnlyForDeploymentPostprocessing = 0;
		};
		CDBC34E41DD7A84D0003EA2E /* Frameworks */ = {
			isa = PBXFrameworksBuildPhase;
			buildActionMask = 2147483647;
			files = (
			);
			runOnlyForDeploymentPostprocessing = 0;
		};
/* End PBXFrameworksBuildPhase section */

/* Begin PBXGroup section */
		CDBC34CA1DD7A84D0003EA2E = {
			isa = PBXGroup;
			children = (
				CDBC34D51DD7A84D0003EA2E /* Emote */,
				CDBC34EA1DD7A84D0003EA2E /* EmoteTests */,
				CDBC34D41DD7A84D0003EA2E /* Products */,
			);
			sourceTree = "<group>";
		};
		CDBC34D41DD7A84D0003EA2E /* Products */ = {
			isa = PBXGroup;
			children = (
				CDBC34D31DD7A84D0003EA2E /* Emote.app */,
				CDBC34E71DD7A84D0003EA2E /* EmoteTests.xctest */,
			);
			name = Products;
			sourceTree = "<group>";
		};
		CDBC34D51DD7A84D0003EA2E /* Emote */ = {
			isa = PBXGroup;
			children = (
				CDBC34D61DD7A84D0003EA2E /* AppDelegate.swift */,
				CDBC34D81DD7A84D0003EA2E /* ViewController.swift */,
				CDBC34DA1DD7A84D0003EA2E /* Main.storyboard */,
				CDBC34DD1DD7A84D0003EA2E /* Assets.xcassets */,
				CDBC34DF1DD7A84D0003EA2E /* LaunchScreen.storyboard */,
				CDBC34E21DD7A84D0003EA2E /* Info.plist */,
			);
			path = Emote;
			sourceTree = "<group>";
		};
		CDBC34EA1DD7A84D0003EA2E /* EmoteTests */ = {
			isa = PBXGroup;
			children = (
				CDBC34EB1DD7A84D0003EA2E /* EmoteTests.swift */,
				CDBC34ED1DD7A84D0003EA2E /* Info.plist */,
			);
			path = EmoteTests;
			sourceTree = "<group>";
		};
/* End PBXGroup section */

/* Begin PBXNativeTarget section */
		CDBC34D21DD7A84D0003EA2E /* Emote */ = {
			isa = PBXNativeTarget;
			buildConfigurationList = CDBC34F01DD7A84D0003EA2E /* Build configuration list for PBXNativeTarget "Emote" */;
			buildPhases = (
				CDBC34CF1DD7A84D0003EA2E /* Sources */,
				CDBC34D01DD7A84D0003EA2E /* Frameworks */,
				CDBC34D11DD7A84D0003EA2E /* Resources */,
			);
			buildRules = (
			);
			dependencies = (
			);
			name = Emote;
			productName = Emote;
			productReference = CDBC34D31DD7A84D0003EA2E /* Emote.app */;
			productType = "com.apple.product-type.application";
		};
		CDBC34E61DD7A84D0003EA2E /* EmoteTests */ = {
			isa = PBXNativeTarget;
			buildConfigurationList = CDBC34F31DD7A84D0003EA2E /* Build configuration list for PBXNativeTarget "EmoteTests" */;
			buildPhases = (
				CDBC34E31DD7A84D0003EA2E /* Sources */,
				CDBC34E41DD7A84D0003EA2E /* Frameworks */,
				CDBC34E51DD7A84D0003EA2E /* Resources */,
			);
			buildRules = (
			);
			dependencies = (
				CDBC34E91DD7A84D0003EA2E /* PBXTargetDependency */,
			);
			name = EmoteTests;
			productName = EmoteTests;
			productReference = CDBC34E71DD7A84D0003EA2E /* EmoteTests.xctest */;
			productType = "com.apple.product-type.bundle.unit-test";
		};
/* End PBXNativeTarget section */

/* Begin PBXProject section */
		CDBC34CB1DD7A84D0003EA2E /* Project object */ = {
			isa = PBXProject;
			attributes = {
				LastSwiftUpdateCheck = 0810;
				LastUpgradeCheck = 0810;
				ORGANIZATIONNAME = "Robert Russo";
				TargetAttributes = {
					CDBC34D21DD7A84D0003EA2E = {
						CreatedOnToolsVersion = 8.1;
						DevelopmentTeam = 4PEVYJ3R97;
						ProvisioningStyle = Automatic;
					};
					CDBC34E61DD7A84D0003EA2E = {
						CreatedOnToolsVersion = 8.1;
						DevelopmentTeam = 4PEVYJ3R97;
						ProvisioningStyle = Automatic;
						TestTargetID = CDBC34D21DD7A84D0003EA2E;
					};
				};
			};
			buildConfigurationList = CDBC34CE1DD7A84D0003EA2E /* Build configuration list for PBXProject "Emote" */;
			compatibilityVersion = "Xcode 3.2";
			developmentRegion = English;
			hasScannedForEncodings = 0;
			knownRegions = (
				en,
				Base,
			);
			mainGroup = CDBC34CA1DD7A84D0003EA2E;
			productRefGroup = CDBC34D41DD7A84D0003EA2E /* Products */;
			projectDirPath = "";
			projectRoot = "";
			targets = (
				CDBC34D21DD7A84D0003EA2E /* Emote */,
				CDBC34E61DD7A84D0003EA2E /* EmoteTests */,
			);
		};
/* End PBXProject section */

/* Begin PBXResourcesBuildPhase section */
		CDBC34D11DD7A84D0003EA2E /* Resources */ = {
			isa = PBXResourcesBuildPhase;
			buildActionMask = 2147483647;
			files = (
				CDBC34E11DD7A84D0003EA2E /* LaunchScreen.storyboard in Resources */,
				CDBC34DE1DD7A84D0003EA2E /* Assets.xcassets in Resources */,
				CDBC34DC1DD7A84D0003EA2E /* Main.storyboard in Resources */,
			);
			runOnlyForDeploymentPostprocessing = 0;
		};
		CDBC34E51DD7A84D0003EA2E /* Resources */ = {
			isa = PBXResourcesBuildPhase;
			buildActionMask = 2147483647;
			files = (
			);
			runOnlyForDeploymentPostprocessing = 0;
		};
/* End PBXResourcesBuildPhase section */

/* Begin PBXSourcesBuildPhase section */
		CDBC34CF1DD7A84D0003EA2E /* Sources */ = {
			isa = PBXSourcesBuildPhase;
			buildActionMask = 2147483647;
			files = (
				CDBC34D91DD7A84D0003EA2E /* ViewController.swift in Sources */,
				CDBC34D71DD7A84D0003EA2E /* AppDelegate.swift in Sources */,
			);
			runOnlyForDeploymentPostprocessing = 0;
		};
		CDBC34E31DD7A84D0003EA2E /* Sources */ = {
			isa = PBXSourcesBuildPhase;
			buildActionMask = 2147483647;
			files = (
				CDBC34EC1DD7A84D0003EA2E /* EmoteTests.swift in Sources */,
			);
			runOnlyForDeploymentPostprocessing = 0;
		};
/* End PBXSourcesBuildPhase section */

/* Begin PBXTargetDependency section */
		CDBC34E91DD7A84D0003EA2E /* PBXTargetDependency */ = {
			isa = PBXTargetDependency;
			target = CDBC34D21DD7A84D0003EA2E /* Emote */;
			targetProxy = CDBC34E81DD7A84D0003EA2E /* PBXContainerItemProxy */;
		};
/* End PBXTargetDependency section */

/* Begin PBXVariantGroup section */
		CDBC34DA1DD7A84D0003EA2E /* Main.storyboard */ = {
			isa = PBXVariantGroup;
			children = (
				CDBC34DB1DD7A84D0003EA2E /* Base */,
			);
			name = Main.storyboard;
			sourceTree = "<group>";
		};
		CDBC34DF1DD7A84D0003EA2E /* LaunchScreen.storyboard */ = {
			isa = PBXVariantGroup;
			children = (
				CDBC34E01DD7A84D0003EA2E /* Base */,
			);
			name = LaunchScreen.storyboard;
			sourceTree = "<group>";
		};
/* End PBXVariantGroup section */

/* Begin XCBuildConfiguration section */
		CDBC34EE1DD7A84D0003EA2E /* Debug */ = {
			isa = XCBuildConfiguration;
			buildSettings = {
				ALWAYS_SEARCH_USER_PATHS = NO;
				CLANG_ANALYZER_NONNULL = YES;
				CLANG_CXX_LANGUAGE_STANDARD = "gnu++0x";
				CLANG_CXX_LIBRARY = "libc++";
				CLANG_ENABLE_MODULES = YES;
				CLANG_ENABLE_OBJC_ARC = YES;
				CLANG_WARN_BOOL_CONVERSION = YES;
				CLANG_WARN_CONSTANT_CONVERSION = YES;
				CLANG_WARN_DIRECT_OBJC_ISA_USAGE = YES_ERROR;
				CLANG_WARN_DOCUMENTATION_COMMENTS = YES;
				CLANG_WARN_EMPTY_BODY = YES;
				CLANG_WARN_ENUM_CONVERSION = YES;
				CLANG_WARN_INFINITE_RECURSION = YES;
				CLANG_WARN_INT_CONVERSION = YES;
				CLANG_WARN_OBJC_ROOT_CLASS = YES_ERROR;
				CLANG_WARN_SUSPICIOUS_MOVES = YES;
				CLANG_WARN_UNREACHABLE_CODE = YES;
				CLANG_WARN__DUPLICATE_METHOD_MATCH = YES;
				"CODE_SIGN_IDENTITY[sdk=iphoneos*]" = "iPhone Developer";
				COPY_PHASE_STRIP = NO;
				DEBUG_INFORMATION_FORMAT = dwarf;
				ENABLE_STRICT_OBJC_MSGSEND = YES;
				ENABLE_TESTABILITY = YES;
				GCC_C_LANGUAGE_STANDARD = gnu99;
				GCC_DYNAMIC_NO_PIC = NO;
				GCC_NO_COMMON_BLOCKS = YES;
				GCC_OPTIMIZATION_LEVEL = 0;
				GCC_PREPROCESSOR_DEFINITIONS = (
					"DEBUG=1",
					"$(inherited)",
				);
				GCC_WARN_64_TO_32_BIT_CONVERSION = YES;
				GCC_WARN_ABOUT_RETURN_TYPE = YES_ERROR;
				GCC_WARN_UNDECLARED_SELECTOR = YES;
				GCC_WARN_UNINITIALIZED_AUTOS = YES_AGGRESSIVE;
				GCC_WARN_UNUSED_FUNCTION = YES;
				GCC_WARN_UNUSED_VARIABLE = YES;
				IPHONEOS_DEPLOYMENT_TARGET = 10.1;
				MTL_ENABLE_DEBUG_INFO = YES;
				ONLY_ACTIVE_ARCH = YES;
				SDKROOT = iphoneos;
				SWIFT_ACTIVE_COMPILATION_CONDITIONS = DEBUG;
				SWIFT_OPTIMIZATION_LEVEL = "-Onone";
				TARGETED_DEVICE_FAMILY = "1,2";
			};
			name = Debug;
		};
		CDBC34EF1DD7A84D0003EA2E /* Release */ = {
			isa = XCBuildConfiguration;
			buildSettings = {
				ALWAYS_SEARCH_USER_PATHS = NO;
				CLANG_ANALYZER_NONNULL = YES;
				CLANG_CXX_LANGUAGE_STANDARD = "gnu++0x";
				CLANG_CXX_LIBRARY = "libc++";
				CLANG_ENABLE_MODULES = YES;
				CLANG_ENABLE_OBJC_ARC = YES;
				CLANG_WARN_BOOL_CONVERSION = YES;
				CLANG_WARN_CONSTANT_CONVERSION = YES;
				CLANG_WARN_DIRECT_OBJC_ISA_USAGE = YES_ERROR;
				CLANG_WARN_DOCUMENTATION_COMMENTS = YES;
				CLANG_WARN_EMPTY_BODY = YES;
				CLANG_WARN_ENUM_CONVERSION = YES;
				CLANG_WARN_INFINITE_RECURSION = YES;
				CLANG_WARN_INT_CONVERSION = YES;
				CLANG_WARN_OBJC_ROOT_CLASS = YES_ERROR;
				CLANG_WARN_SUSPICIOUS_MOVES = YES;
				CLANG_WARN_UNREACHABLE_CODE = YES;
				CLANG_WARN__DUPLICATE_METHOD_MATCH = YES;
				"CODE_SIGN_IDENTITY[sdk=iphoneos*]" = "iPhone Developer";
				COPY_PHASE_STRIP = NO;
				DEBUG_INFORMATION_FORMAT = "dwarf-with-dsym";
				ENABLE_NS_ASSERTIONS = NO;
				ENABLE_STRICT_OBJC_MSGSEND = YES;
				GCC_C_LANGUAGE_STANDARD = gnu99;
				GCC_NO_COMMON_BLOCKS = YES;
				GCC_WARN_64_TO_32_BIT_CONVERSION = YES;
				GCC_WARN_ABOUT_RETURN_TYPE = YES_ERROR;
				GCC_WARN_UNDECLARED_SELECTOR = YES;
				GCC_WARN_UNINITIALIZED_AUTOS = YES_AGGRESSIVE;
				GCC_WARN_UNUSED_FUNCTION = YES;
				GCC_WARN_UNUSED_VARIABLE = YES;
				IPHONEOS_DEPLOYMENT_TARGET = 10.1;
				MTL_ENABLE_DEBUG_INFO = NO;
				SDKROOT = iphoneos;
				SWIFT_OPTIMIZATION_LEVEL = "-Owholemodule";
				TARGETED_DEVICE_FAMILY = "1,2";
				VALIDATE_PRODUCT = YES;
			};
			name = Release;
		};
		CDBC34F11DD7A84D0003EA2E /* Debug */ = {
			isa = XCBuildConfiguration;
			buildSettings = {
				ASSETCATALOG_COMPILER_APPICON_NAME = AppIcon;
				DEVELOPMENT_TEAM = 4PEVYJ3R97;
				INFOPLIST_FILE = Emote/Info.plist;
				LD_RUNPATH_SEARCH_PATHS = "$(inherited) @executable_path/Frameworks";
				PRODUCT_BUNDLE_IDENTIFIER = io.robrusso.Emote;
				PRODUCT_NAME = "$(TARGET_NAME)";
				SWIFT_VERSION = 3.0;
			};
			name = Debug;
		};
		CDBC34F21DD7A84D0003EA2E /* Release */ = {
			isa = XCBuildConfiguration;
			buildSettings = {
				ASSETCATALOG_COMPILER_APPICON_NAME = AppIcon;
				DEVELOPMENT_TEAM = 4PEVYJ3R97;
				INFOPLIST_FILE = Emote/Info.plist;
				LD_RUNPATH_SEARCH_PATHS = "$(inherited) @executable_path/Frameworks";
				PRODUCT_BUNDLE_IDENTIFIER = io.robrusso.Emote;
				PRODUCT_NAME = "$(TARGET_NAME)";
				SWIFT_VERSION = 3.0;
			};
			name = Release;
		};
		CDBC34F41DD7A84D0003EA2E /* Debug */ = {
			isa = XCBuildConfiguration;
			buildSettings = {
				ALWAYS_EMBED_SWIFT_STANDARD_LIBRARIES = YES;
				BUNDLE_LOADER = "$(TEST_HOST)";
				DEVELOPMENT_TEAM = 4PEVYJ3R97;
				INFOPLIST_FILE = EmoteTests/Info.plist;
				LD_RUNPATH_SEARCH_PATHS = "$(inherited) @executable_path/Frameworks @loader_path/Frameworks";
				PRODUCT_BUNDLE_IDENTIFIER = io.robrusso.EmoteTests;
				PRODUCT_NAME = "$(TARGET_NAME)";
				SWIFT_VERSION = 3.0;
				TEST_HOST = "$(BUILT_PRODUCTS_DIR)/Emote.app/Emote";
			};
			name = Debug;
		};
		CDBC34F51DD7A84D0003EA2E /* Release */ = {
			isa = XCBuildConfiguration;
			buildSettings = {
				ALWAYS_EMBED_SWIFT_STANDARD_LIBRARIES = YES;
				BUNDLE_LOADER = "$(TEST_HOST)";
				DEVELOPMENT_TEAM = 4PEVYJ3R97;
				INFOPLIST_FILE = EmoteTests/Info.plist;
				LD_RUNPATH_SEARCH_PATHS = "$(inherited) @executable_path/Frameworks @loader_path/Frameworks";
				PRODUCT_BUNDLE_IDENTIFIER = io.robrusso.EmoteTests;
				PRODUCT_NAME = "$(TARGET_NAME)";
				SWIFT_VERSION = 3.0;
				TEST_HOST = "$(BUILT_PRODUCTS_DIR)/Emote.app/Emote";
			};
			name = Release;
		};
/* End XCBuildConfiguration section */

/* Begin XCConfigurationList section */
		CDBC34CE1DD7A84D0003EA2E /* Build configuration list for PBXProject "Emote" */ = {
			isa = XCConfigurationList;
			buildConfigurations = (
				CDBC34EE1DD7A84D0003EA2E /* Debug */,
				CDBC34EF1DD7A84D0003EA2E /* Release */,
			);
			defaultConfigurationIsVisible = 0;
			defaultConfigurationName = Release;
		};
		CDBC34F01DD7A84D0003EA2E /* Build configuration list for PBXNativeTarget "Emote" */ = {
			isa = XCConfigurationList;
			buildConfigurations = (
				CDBC34F11DD7A84D0003EA2E /* Debug */,
				CDBC34F21DD7A84D0003EA2E /* Release */,
			);
			defaultConfigurationIsVisible = 0;
		};
		CDBC34F31DD7A84D0003EA2E /* Build configuration list for PBXNativeTarget "EmoteTests" */ = {
			isa = XCConfigurationList;
			buildConfigurations = (
				CDBC34F41DD7A84D0003EA2E /* Debug */,
				CDBC34F51DD7A84D0003EA2E /* Release */,
			);
			defaultConfigurationIsVisible = 0;
		};
/* End XCConfigurationList section */
	};
	rootObject = CDBC34CB1DD7A84D0003EA2E /* Project object */;
}
